
Microsoft Visual Studio Solution File, Format Version 12.00
# Visual Studio Version 16
VisualStudioVersion = 16.0.33214.272
MinimumVisualStudioVersion = 10.0.40219.1
Project("{FAE04EC0-301F-11D3-BF4B-00C04F79EFBC}") = "ElectionCommission", "ElectionCommission\ElectionCommission.csproj", "{DAFDDDC2-F245-4189-958E-35934F9DB867}"
EndProject
Global
	GlobalSection(SolutionConfigurationPlatforms) = preSolution
		Debug|Any CPU = Debug|Any CPU
		Release|Any CPU = Release|Any CPU
	EndGlobalSection
	GlobalSection(ProjectConfigurationPlatforms) = postSolution
		{DAFDDDC2-F245-4189-958E-35934F9DB867}.Debug|Any CPU.ActiveCfg = Debug|Any CPU
		{DAFDDDC2-F245-4189-958E-35934F9DB867}.Debug|Any CPU.Build.0 = Debug|Any CPU
		{DAFDDDC2-F245-4189-958E-35934F9DB867}.Release|Any CPU.ActiveCfg = Release|Any CPU
		{DAFDDDC2-F245-4189-958E-35934F9DB867}.Release|Any CPU.Build.0 = Release|Any CPU
	EndGlobalSection
	GlobalSection(SolutionProperties) = preSolution
		HideSolutionNode = FALSE
	EndGlobalSection
	GlobalSection(ExtensibilityGlobals) = postSolution
		SolutionGuid = {EC7EE3AB-E75A-481A-A360-8D3FD78FE731}
	EndGlobalSection
EndGlobal
